
Microsoft Visual Studio Solution File, Format Version 12.00
# Visual Studio Version 16
VisualStudioVersion = 16.0.31205.134
MinimumVisualStudioVersion = 10.0.40219.1
Project("{FAE04EC0-301F-11D3-BF4B-00C04F79EFBC}") = "MyAspNetCoreApp", "MyAspNetCoreApp.csproj", "{169F7873-F411-48CB-AE37-81A83A1FF9C2}"
EndProject
Global
	GlobalSection(SolutionConfigurationPlatforms) = preSolution
		Debug|Any CPU = Debug|Any CPU
		Release|Any CPU = Release|Any CPU
	EndGlobalSection
	GlobalSection(ProjectConfigurationPlatforms) = postSolution
		{169F7873-F411-48CB-AE37-81A83A1FF9C2}.Debug|Any CPU.ActiveCfg = Debug|Any CPU
		{169F7873-F411-48CB-AE37-81A83A1FF9C2}.Debug|Any CPU.Build.0 = Debug|Any CPU
		{169F7873-F411-48CB-AE37-81A83A1FF9C2}.Release|Any CPU.ActiveCfg = Release|Any CPU
		{169F7873-F411-48CB-AE37-81A83A1FF9C2}.Release|Any CPU.Build.0 = Release|Any CPU
	EndGlobalSection
	GlobalSection(SolutionProperties) = preSolution
		HideSolutionNode = FALSE
	EndGlobalSection
	GlobalSection(ExtensibilityGlobals) = postSolution
		SolutionGuid = {3D94FECC-0A6E-4ECB-987B-372EC047D9D7}
	EndGlobalSection
EndGlobal
